
Microsoft Visual Studio Solution File, Format Version 12.00
# Visual Studio Version 16
VisualStudioVersion = 16.0.30413.136
MinimumVisualStudioVersion = 10.0.40219.1
Project("{FAE04EC0-301F-11D3-BF4B-00C04F79EFBC}") = "Console_Tarpv20_1", "Console_Tarpv20_1.csproj", "{8F284456-66CE-48DD-9658-3ECC19CEB614}"
EndProject
Global
	GlobalSection(SolutionConfigurationPlatforms) = preSolution
		Debug|Any CPU = Debug|Any CPU
		Release|Any CPU = Release|Any CPU
	EndGlobalSection
	GlobalSection(ProjectConfigurationPlatforms) = postSolution
		{8F284456-66CE-48DD-9658-3ECC19CEB614}.Debug|Any CPU.ActiveCfg = Debug|Any CPU
		{8F284456-66CE-48DD-9658-3ECC19CEB614}.Debug|Any CPU.Build.0 = Debug|Any CPU
		{8F284456-66CE-48DD-9658-3ECC19CEB614}.Release|Any CPU.ActiveCfg = Release|Any CPU
		{8F284456-66CE-48DD-9658-3ECC19CEB614}.Release|Any CPU.Build.0 = Release|Any CPU
	EndGlobalSection
	GlobalSection(SolutionProperties) = preSolution
		HideSolutionNode = FALSE
	EndGlobalSection
	GlobalSection(ExtensibilityGlobals) = postSolution
		SolutionGuid = {28E93396-3D1A-40FC-9F55-CF1AF21ED330}
	EndGlobalSection
EndGlobal
